
Microsoft Visual Studio Solution File, Format Version 12.00
# Visual Studio Version 16
VisualStudioVersion = 16.0.30804.86
MinimumVisualStudioVersion = 10.0.40219.1
Project("{9A19103F-16F7-4668-BE54-9A1E7A4F7556}") = "GuppyTest", "GuppyTest\GuppyTest.csproj", "{4082C36F-AF8E-4A3E-B722-C1F1E08F19C4}"
EndProject
Project("{9A19103F-16F7-4668-BE54-9A1E7A4F7556}") = "Guppy", "Guppy\Guppy.csproj", "{C5E38100-A124-48D5-8F4A-A27D166AEC23}"
EndProject
Global
	GlobalSection(SolutionConfigurationPlatforms) = preSolution
		Debug|Any CPU = Debug|Any CPU
		Release|Any CPU = Release|Any CPU
	EndGlobalSection
	GlobalSection(ProjectConfigurationPlatforms) = postSolution
		{4082C36F-AF8E-4A3E-B722-C1F1E08F19C4}.Debug|Any CPU.ActiveCfg = Debug|Any CPU
		{4082C36F-AF8E-4A3E-B722-C1F1E08F19C4}.Debug|Any CPU.Build.0 = Debug|Any CPU
		{4082C36F-AF8E-4A3E-B722-C1F1E08F19C4}.Release|Any CPU.ActiveCfg = Release|Any CPU
		{4082C36F-AF8E-4A3E-B722-C1F1E08F19C4}.Release|Any CPU.Build.0 = Release|Any CPU
		{C5E38100-A124-48D5-8F4A-A27D166AEC23}.Debug|Any CPU.ActiveCfg = Debug|Any CPU
		{C5E38100-A124-48D5-8F4A-A27D166AEC23}.Debug|Any CPU.Build.0 = Debug|Any CPU
		{C5E38100-A124-48D5-8F4A-A27D166AEC23}.Release|Any CPU.ActiveCfg = Release|Any CPU
		{C5E38100-A124-48D5-8F4A-A27D166AEC23}.Release|Any CPU.Build.0 = Release|Any CPU
	EndGlobalSection
	GlobalSection(SolutionProperties) = preSolution
		HideSolutionNode = FALSE
	EndGlobalSection
	GlobalSection(ExtensibilityGlobals) = postSolution
		SolutionGuid = {B8BF1954-D19B-410E-A3EA-3188BAB4E163}
	EndGlobalSection
EndGlobal
